{
  "name": "app",
  "version": "1.0.0",
  "lockfileVersion": 1,
  "requires": true,
  "dependencies": {
    "array-find-index": {
      "version": "1.0.2",
      "resolved": "https://registry.npmjs.org/array-find-index/-/array-find-index-1.0.2.tgz",
      "integrity": "sha1-3wEKoSh+Fku9pvlyOwqWoexBh6E="
    },
    "mint-ui": {
      "version": "2.2.9",
      "resolved": "https://registry.npmjs.org/mint-ui/-/mint-ui-2.2.9.tgz",
      "integrity": "sha512-Cmb6GRICB+QaEUrTbe5ktVuHcS4hT11e3Mc1v8ud1f1Mg/HAPaTp3SjXX0IDMuD/rU2q++7mWwUAedWf9MS+8Q==",
      "requires": {
        "array-find-index": "1.0.2",
        "raf.js": "0.0.4",
        "vue-lazyload": "1.0.6"
      }
    },
    "raf.js": {
      "version": "0.0.4",
      "resolved": "https://registry.npmjs.org/raf.js/-/raf.js-0.0.4.tgz",
      "integrity": "sha1-8Vr0RdJBsn+nExpXRQtn75xAL+w="
    },
    "vue-lazyload": {
      "version": "1.0.6",
      "resolved": "https://registry.npmjs.org/vue-lazyload/-/vue-lazyload-1.0.6.tgz",
      "integrity": "sha1-fVSU/DXDX8hNzCcRZbgn4wm055M="
    }
  }
}
